// !$*UTF8*$!
{
	archiveVersion = 1;
	classes = {
	};
	objectVersion = 56;
	objects = {

/* Begin PBXBuildFile section */
		6E0F662F2E140C7700F36CE1 /* QuickCalcApp.swift in Sources */ = {isa = PBXBuildFile; fileRef = 6E0F662E2E140C7700F36CE1 /* QuickCalcApp.swift */; };
		6E0F66312E140C7700F36CE1 /* ContentView.swift in Sources */ = {isa = PBXBuildFile; fileRef = 6E0F66302E140C7700F36CE1 /* ContentView.swift */; };
		6E0F66332E140C7900F36CE1 /* Assets.xcassets in Resources */ = {isa = PBXBuildFile; fileRef = 6E0F66322E140C7900F36CE1 /* Assets.xcassets */; };
		6E0F66362E140C7900F36CE1 /* Preview Assets.xcassets in Resources */ = {isa = PBXBuildFile; fileRef = 6E0F66352E140C7900F36CE1 /* Preview Assets.xcassets */; };
		6E0F66382E140C7A00F36CE1 /* Persistence.swift in Sources */ = {isa = PBXBuildFile; fileRef = 6E0F66372E140C7A00F36CE1 /* Persistence.swift */; };
		6E0F663B2E140C7A00F36CE1 /* QuickCalc.xcdatamodeld in Sources */ = {isa = PBXBuildFile; fileRef = 6E0F66392E140C7A00F36CE1 /* QuickCalc.xcdatamodeld */; };
		6E0F66452E140C7A00F36CE1 /* QuickCalcTests.swift in Sources */ = {isa = PBXBuildFile; fileRef = 6E0F66442E140C7A00F36CE1 /* QuickCalcTests.swift */; };
		6E0F664F2E140C7A00F36CE1 /* QuickCalcUITests.swift in Sources */ = {isa = PBXBuildFile; fileRef = 6E0F664E2E140C7A00F36CE1 /* QuickCalcUITests.swift */; };
		6E0F66512E140C7A00F36CE1 /* QuickCalcUITestsLaunchTests.swift in Sources */ = {isa = PBXBuildFile; fileRef = 6E0F66502E140C7A00F36CE1 /* QuickCalcUITestsLaunchTests.swift */; };
/* End PBXBuildFile section */

/* Begin PBXContainerItemProxy section */
		6E0F66412E140C7A00F36CE1 /* PBXContainerItemProxy */ = {
			isa = PBXContainerItemProxy;
			containerPortal = 6E0F66232E140C7600F36CE1 /* Project object */;
			proxyType = 1;
			remoteGlobalIDString = 6E0F662A2E140C7600F36CE1;
			remoteInfo = QuickCalc;
		};
		6E0F664B2E140C7A00F36CE1 /* PBXContainerItemProxy */ = {
			isa = PBXContainerItemProxy;
			containerPortal = 6E0F66232E140C7600F36CE1 /* Project object */;
			proxyType = 1;
			remoteGlobalIDString = 6E0F662A2E140C7600F36CE1;
			remoteInfo = QuickCalc;
		};
/* End PBXContainerItemProxy section */

/* Begin PBXFileReference section */
		6E0F662B2E140C7700F36CE1 /* QuickCalc.app */ = {isa = PBXFileReference; explicitFileType = wrapper.application; includeInIndex = 0; path = QuickCalc.app; sourceTree = BUILT_PRODUCTS_DIR; };
		6E0F662E2E140C7700F36CE1 /* QuickCalcApp.swift */ = {isa = PBXFileReference; lastKnownFileType = sourcecode.swift; path = QuickCalcApp.swift; sourceTree = "<group>"; };
		6E0F66302E140C7700F36CE1 /* ContentView.swift */ = {isa = PBXFileReference; lastKnownFileType = sourcecode.swift; path = ContentView.swift; sourceTree = "<group>"; };
		6E0F66322E140C7900F36CE1 /* Assets.xcassets */ = {isa = PBXFileReference; lastKnownFileType = folder.assetcatalog; path = Assets.xcassets; sourceTree = "<group>"; };
		6E0F66352E140C7900F36CE1 /* Preview Assets.xcassets */ = {isa = PBXFileReference; lastKnownFileType = folder.assetcatalog; path = "Preview Assets.xcassets"; sourceTree = "<group>"; };
		6E0F66372E140C7A00F36CE1 /* Persistence.swift */ = {isa = PBXFileReference; lastKnownFileType = sourcecode.swift; path = Persistence.swift; sourceTree = "<group>"; };
		6E0F663A2E140C7A00F36CE1 /* QuickCalc.xcdatamodel */ = {isa = PBXFileReference; lastKnownFileType = wrapper.xcdatamodel; path = QuickCalc.xcdatamodel; sourceTree = "<group>"; };
		6E0F66402E140C7A00F36CE1 /* QuickCalcTests.xctest */ = {isa = PBXFileReference; explicitFileType = wrapper.cfbundle; includeInIndex = 0; path = QuickCalcTests.xctest; sourceTree = BUILT_PRODUCTS_DIR; };
		6E0F66442E140C7A00F36CE1 /* QuickCalcTests.swift */ = {isa = PBXFileReference; lastKnownFileType = sourcecode.swift; path = QuickCalcTests.swift; sourceTree = "<group>"; };
		6E0F664A2E140C7A00F36CE1 /* QuickCalcUITests.xctest */ = {isa = PBXFileReference; explicitFileType = wrapper.cfbundle; includeInIndex = 0; path = QuickCalcUITests.xctest; sourceTree = BUILT_PRODUCTS_DIR; };
		6E0F664E2E140C7A00F36CE1 /* QuickCalcUITests.swift */ = {isa = PBXFileReference; lastKnownFileType = sourcecode.swift; path = QuickCalcUITests.swift; sourceTree = "<group>"; };
		6E0F66502E140C7A00F36CE1 /* QuickCalcUITestsLaunchTests.swift */ = {isa = PBXFileReference; lastKnownFileType = sourcecode.swift; path = QuickCalcUITestsLaunchTests.swift; sourceTree = "<group>"; };
/* End PBXFileReference section */

/* Begin PBXFrameworksBuildPhase section */
		6E0F66282E140C7600F36CE1 /* Frameworks */ = {
			isa = PBXFrameworksBuildPhase;
			buildActionMask = 2147483647;
			files = (
			);
			runOnlyForDeploymentPostprocessing = 0;
		};
		6E0F663D2E140C7A00F36CE1 /* Frameworks */ = {
			isa = PBXFrameworksBuildPhase;
			buildActionMask = 2147483647;
			files = (
			);
			runOnlyForDeploymentPostprocessing = 0;
		};
		6E0F66472E140C7A00F36CE1 /* Frameworks */ = {
			isa = PBXFrameworksBuildPhase;
			buildActionMask = 2147483647;
			files = (
			);
			runOnlyForDeploymentPostprocessing = 0;
		};
/* End PBXFrameworksBuildPhase section */

/* Begin PBXGroup section */
		6E0F66222E140C7600F36CE1 = {
			isa = PBXGroup;
			children = (
				6E0F662D2E140C7700F36CE1 /* QuickCalc */,
				6E0F66432E140C7A00F36CE1 /* QuickCalcTests */,
				6E0F664D2E140C7A00F36CE1 /* QuickCalcUITests */,
				6E0F662C2E140C7700F36CE1 /* Products */,
			);
			sourceTree = "<group>";
		};
		6E0F662C2E140C7700F36CE1 /* Products */ = {
			isa = PBXGroup;
			children = (
				6E0F662B2E140C7700F36CE1 /* QuickCalc.app */,
				6E0F66402E140C7A00F36CE1 /* QuickCalcTests.xctest */,
				6E0F664A2E140C7A00F36CE1 /* QuickCalcUITests.xctest */,
			);
			name = Products;
			sourceTree = "<group>";
		};
		6E0F662D2E140C7700F36CE1 /* QuickCalc */ = {
			isa = PBXGroup;
			children = (
				6E0F662E2E140C7700F36CE1 /* QuickCalcApp.swift */,
				6E0F66302E140C7700F36CE1 /* ContentView.swift */,
				6E0F66322E140C7900F36CE1 /* Assets.xcassets */,
				6E0F66372E140C7A00F36CE1 /* Persistence.swift */,
				6E0F66392E140C7A00F36CE1 /* QuickCalc.xcdatamodeld */,
				6E0F66342E140C7900F36CE1 /* Preview Content */,
			);
			path = QuickCalc;
			sourceTree = "<group>";
		};
		6E0F66342E140C7900F36CE1 /* Preview Content */ = {
			isa = PBXGroup;
			children = (
				6E0F66352E140C7900F36CE1 /* Preview Assets.xcassets */,
			);
			path = "Preview Content";
			sourceTree = "<group>";
		};
		6E0F66432E140C7A00F36CE1 /* QuickCalcTests */ = {
			isa = PBXGroup;
			children = (
				6E0F66442E140C7A00F36CE1 /* QuickCalcTests.swift */,
			);
			path = QuickCalcTests;
			sourceTree = "<group>";
		};
		6E0F664D2E140C7A00F36CE1 /* QuickCalcUITests */ = {
			isa = PBXGroup;
			children = (
				6E0F664E2E140C7A00F36CE1 /* QuickCalcUITests.swift */,
				6E0F66502E140C7A00F36CE1 /* QuickCalcUITestsLaunchTests.swift */,
			);
			path = QuickCalcUITests;
			sourceTree = "<group>";
		};
/* End PBXGroup section */

/* Begin PBXNativeTarget section */
		6E0F662A2E140C7600F36CE1 /* QuickCalc */ = {
			isa = PBXNativeTarget;
			buildConfigurationList = 6E0F66542E140C7A00F36CE1 /* Build configuration list for PBXNativeTarget "QuickCalc" */;
			buildPhases = (
				6E0F66272E140C7600F36CE1 /* Sources */,
				6E0F66282E140C7600F36CE1 /* Frameworks */,
				6E0F66292E140C7600F36CE1 /* Resources */,
			);
			buildRules = (
			);
			dependencies = (
			);
			name = QuickCalc;
			productName = QuickCalc;
			productReference = 6E0F662B2E140C7700F36CE1 /* QuickCalc.app */;
			productType = "com.apple.product-type.application";
		};
		6E0F663F2E140C7A00F36CE1 /* QuickCalcTests */ = {
			isa = PBXNativeTarget;
			buildConfigurationList = 6E0F66572E140C7A00F36CE1 /* Build configuration list for PBXNativeTarget "QuickCalcTests" */;
			buildPhases = (
				6E0F663C2E140C7A00F36CE1 /* Sources */,
				6E0F663D2E140C7A00F36CE1 /* Frameworks */,
				6E0F663E2E140C7A00F36CE1 /* Resources */,
			);
			buildRules = (
			);
			dependencies = (
				6E0F66422E140C7A00F36CE1 /* PBXTargetDependency */,
			);
			name = QuickCalcTests;
			productName = QuickCalcTests;
			productReference = 6E0F66402E140C7A00F36CE1 /* QuickCalcTests.xctest */;
			productType = "com.apple.product-type.bundle.unit-test";
		};
		6E0F66492E140C7A00F36CE1 /* QuickCalcUITests */ = {
			isa = PBXNativeTarget;
			buildConfigurationList = 6E0F665A2E140C7A00F36CE1 /* Build configuration list for PBXNativeTarget "QuickCalcUITests" */;
			buildPhases = (
				6E0F66462E140C7A00F36CE1 /* Sources */,
				6E0F66472E140C7A00F36CE1 /* Frameworks */,
				6E0F66482E140C7A00F36CE1 /* Resources */,
			);
			buildRules = (
			);
			dependencies = (
				6E0F664C2E140C7A00F36CE1 /* PBXTargetDependency */,
			);
			name = QuickCalcUITests;
			productName = QuickCalcUITests;
			productReference = 6E0F664A2E140C7A00F36CE1 /* QuickCalcUITests.xctest */;
			productType = "com.apple.product-type.bundle.ui-testing";
		};
/* End PBXNativeTarget section */

/* Begin PBXProject section */
		6E0F66232E140C7600F36CE1 /* Project object */ = {
			isa = PBXProject;
			attributes = {
				BuildIndependentTargetsInParallel = 1;
				LastSwiftUpdateCheck = 1400;
				LastUpgradeCheck = 1400;
				TargetAttributes = {
					6E0F662A2E140C7600F36CE1 = {
						CreatedOnToolsVersion = 14.0.1;
					};
					6E0F663F2E140C7A00F36CE1 = {
						CreatedOnToolsVersion = 14.0.1;
						TestTargetID = 6E0F662A2E140C7600F36CE1;
					};
					6E0F66492E140C7A00F36CE1 = {
						CreatedOnToolsVersion = 14.0.1;
						TestTargetID = 6E0F662A2E140C7600F36CE1;
					};
				};
			};
			buildConfigurationList = 6E0F66262E140C7600F36CE1 /* Build configuration list for PBXProject "QuickCalc" */;
			compatibilityVersion = "Xcode 14.0";
			developmentRegion = en;
			hasScannedForEncodings = 0;
			knownRegions = (
				en,
				Base,
			);
			mainGroup = 6E0F66222E140C7600F36CE1;
			productRefGroup = 6E0F662C2E140C7700F36CE1 /* Products */;
			projectDirPath = "";
			projectRoot = "";
			targets = (
				6E0F662A2E140C7600F36CE1 /* QuickCalc */,
				6E0F663F2E140C7A00F36CE1 /* QuickCalcTests */,
				6E0F66492E140C7A00F36CE1 /* QuickCalcUITests */,
			);
		};
/* End PBXProject section */

/* Begin PBXResourcesBuildPhase section */
		6E0F66292E140C7600F36CE1 /* Resources */ = {
			isa = PBXResourcesBuildPhase;
			buildActionMask = 2147483647;
			files = (
				6E0F66362E140C7900F36CE1 /* Preview Assets.xcassets in Resources */,
				6E0F66332E140C7900F36CE1 /* Assets.xcassets in Resources */,
			);
			runOnlyForDeploymentPostprocessing = 0;
		};
		6E0F663E2E140C7A00F36CE1 /* Resources */ = {
			isa = PBXResourcesBuildPhase;
			buildActionMask = 2147483647;
			files = (
			);
			runOnlyForDeploymentPostprocessing = 0;
		};
		6E0F66482E140C7A00F36CE1 /* Resources */ = {
			isa = PBXResourcesBuildPhase;
			buildActionMask = 2147483647;
			files = (
			);
			runOnlyForDeploymentPostprocessing = 0;
		};
/* End PBXResourcesBuildPhase section */

/* Begin PBXSourcesBuildPhase section */
		6E0F66272E140C7600F36CE1 /* Sources */ = {
			isa = PBXSourcesBuildPhase;
			buildActionMask = 2147483647;
			files = (
				6E0F66382E140C7A00F36CE1 /* Persistence.swift in Sources */,
				6E0F66312E140C7700F36CE1 /* ContentView.swift in Sources */,
				6E0F663B2E140C7A00F36CE1 /* QuickCalc.xcdatamodeld in Sources */,
				6E0F662F2E140C7700F36CE1 /* QuickCalcApp.swift in Sources */,
			);
			runOnlyForDeploymentPostprocessing = 0;
		};
		6E0F663C2E140C7A00F36CE1 /* Sources */ = {
			isa = PBXSourcesBuildPhase;
			buildActionMask = 2147483647;
			files = (
				6E0F66452E140C7A00F36CE1 /* QuickCalcTests.swift in Sources */,
			);
			runOnlyForDeploymentPostprocessing = 0;
		};
		6E0F66462E140C7A00F36CE1 /* Sources */ = {
			isa = PBXSourcesBuildPhase;
			buildActionMask = 2147483647;
			files = (
				6E0F664F2E140C7A00F36CE1 /* QuickCalcUITests.swift in Sources */,
				6E0F66512E140C7A00F36CE1 /* QuickCalcUITestsLaunchTests.swift in Sources */,
			);
			runOnlyForDeploymentPostprocessing = 0;
		};
/* End PBXSourcesBuildPhase section */

/* Begin PBXTargetDependency section */
		6E0F66422E140C7A00F36CE1 /* PBXTargetDependency */ = {
			isa = PBXTargetDependency;
			target = 6E0F662A2E140C7600F36CE1 /* QuickCalc */;
			targetProxy = 6E0F66412E140C7A00F36CE1 /* PBXContainerItemProxy */;
		};
		6E0F664C2E140C7A00F36CE1 /* PBXTargetDependency */ = {
			isa = PBXTargetDependency;
			target = 6E0F662A2E140C7600F36CE1 /* QuickCalc */;
			targetProxy = 6E0F664B2E140C7A00F36CE1 /* PBXContainerItemProxy */;
		};
/* End PBXTargetDependency section */

/* Begin XCBuildConfiguration section */
		6E0F66522E140C7A00F36CE1 /* Debug */ = {
			isa = XCBuildConfiguration;
			buildSettings = {
				ALWAYS_SEARCH_USER_PATHS = NO;
				CLANG_ANALYZER_NONNULL = YES;
				CLANG_ANALYZER_NUMBER_OBJECT_CONVERSION = YES_AGGRESSIVE;
				CLANG_CXX_LANGUAGE_STANDARD = "gnu++20";
				CLANG_ENABLE_MODULES = YES;
				CLANG_ENABLE_OBJC_ARC = YES;
				CLANG_ENABLE_OBJC_WEAK = YES;
				CLANG_WARN_BLOCK_CAPTURE_AUTORELEASING = YES;
				CLANG_WARN_BOOL_CONVERSION = YES;
				CLANG_WARN_COMMA = YES;
				CLANG_WARN_CONSTANT_CONVERSION = YES;
				CLANG_WARN_DEPRECATED_OBJC_IMPLEMENTATIONS = YES;
				CLANG_WARN_DIRECT_OBJC_ISA_USAGE = YES_ERROR;
				CLANG_WARN_DOCUMENTATION_COMMENTS = YES;
				CLANG_WARN_EMPTY_BODY = YES;
				CLANG_WARN_ENUM_CONVERSION = YES;
				CLANG_WARN_INFINITE_RECURSION = YES;
				CLANG_WARN_INT_CONVERSION = YES;
				CLANG_WARN_NON_LITERAL_NULL_CONVERSION = YES;
				CLANG_WARN_OBJC_IMPLICIT_RETAIN_SELF = YES;
				CLANG_WARN_OBJC_LITERAL_CONVERSION = YES;
				CLANG_WARN_OBJC_ROOT_CLASS = YES_ERROR;
				CLANG_WARN_QUOTED_INCLUDE_IN_FRAMEWORK_HEADER = YES;
				CLANG_WARN_RANGE_LOOP_ANALYSIS = YES;
				CLANG_WARN_STRICT_PROTOTYPES = YES;
				CLANG_WARN_SUSPICIOUS_MOVE = YES;
				CLANG_WARN_UNGUARDED_AVAILABILITY = YES_AGGRESSIVE;
				CLANG_WARN_UNREACHABLE_CODE = YES;
				CLANG_WARN__DUPLICATE_METHOD_MATCH = YES;
				COPY_PHASE_STRIP = NO;
				DEBUG_INFORMATION_FORMAT = dwarf;
				ENABLE_STRICT_OBJC_MSGSEND = YES;
				ENABLE_TESTABILITY = YES;
				GCC_C_LANGUAGE_STANDARD = gnu11;
				GCC_DYNAMIC_NO_PIC = NO;
				GCC_NO_COMMON_BLOCKS = YES;
				GCC_OPTIMIZATION_LEVEL = 0;
				GCC_PREPROCESSOR_DEFINITIONS = (
					"DEBUG=1",
					"$(inherited)",
				);
				GCC_WARN_64_TO_32_BIT_CONVERSION = YES;
				GCC_WARN_ABOUT_RETURN_TYPE = YES_ERROR;
				GCC_WARN_UNDECLARED_SELECTOR = YES;
				GCC_WARN_UNINITIALIZED_AUTOS = YES_AGGRESSIVE;
				GCC_WARN_UNUSED_FUNCTION = YES;
				GCC_WARN_UNUSED_VARIABLE = YES;
				IPHONEOS_DEPLOYMENT_TARGET = 16.0;
				MTL_ENABLE_DEBUG_INFO = INCLUDE_SOURCE;
				MTL_FAST_MATH = YES;
				ONLY_ACTIVE_ARCH = YES;
				SDKROOT = iphoneos;
				SWIFT_ACTIVE_COMPILATION_CONDITIONS = DEBUG;
				SWIFT_OPTIMIZATION_LEVEL = "-Onone";
			};
			name = Debug;
		};
		6E0F66532E140C7A00F36CE1 /* Release */ = {
			isa = XCBuildConfiguration;
			buildSettings = {
				ALWAYS_SEARCH_USER_PATHS = NO;
				CLANG_ANALYZER_NONNULL = YES;
				CLANG_ANALYZER_NUMBER_OBJECT_CONVERSION = YES_AGGRESSIVE;
				CLANG_CXX_LANGUAGE_STANDARD = "gnu++20";
				CLANG_ENABLE_MODULES = YES;
				CLANG_ENABLE_OBJC_ARC = YES;
				CLANG_ENABLE_OBJC_WEAK = YES;
				CLANG_WARN_BLOCK_CAPTURE_AUTORELEASING = YES;
				CLANG_WARN_BOOL_CONVERSION = YES;
				CLANG_WARN_COMMA = YES;
				CLANG_WARN_CONSTANT_CONVERSION = YES;
				CLANG_WARN_DEPRECATED_OBJC_IMPLEMENTATIONS = YES;
				CLANG_WARN_DIRECT_OBJC_ISA_USAGE = YES_ERROR;
				CLANG_WARN_DOCUMENTATION_COMMENTS = YES;
				CLANG_WARN_EMPTY_BODY = YES;
				CLANG_WARN_ENUM_CONVERSION = YES;
				CLANG_WARN_INFINITE_RECURSION = YES;
				CLANG_WARN_INT_CONVERSION = YES;
				CLANG_WARN_NON_LITERAL_NULL_CONVERSION = YES;
				CLANG_WARN_OBJC_IMPLICIT_RETAIN_SELF = YES;
				CLANG_WARN_OBJC_LITERAL_CONVERSION = YES;
				CLANG_WARN_OBJC_ROOT_CLASS = YES_ERROR;
				CLANG_WARN_QUOTED_INCLUDE_IN_FRAMEWORK_HEADER = YES;
				CLANG_WARN_RANGE_LOOP_ANALYSIS = YES;
				CLANG_WARN_STRICT_PROTOTYPES = YES;
				CLANG_WARN_SUSPICIOUS_MOVE = YES;
				CLANG_WARN_UNGUARDED_AVAILABILITY = YES_AGGRESSIVE;
				CLANG_WARN_UNREACHABLE_CODE = YES;
				CLANG_WARN__DUPLICATE_METHOD_MATCH = YES;
				COPY_PHASE_STRIP = NO;
				DEBUG_INFORMATION_FORMAT = "dwarf-with-dsym";
				ENABLE_NS_ASSERTIONS = NO;
				ENABLE_STRICT_OBJC_MSGSEND = YES;
				GCC_C_LANGUAGE_STANDARD = gnu11;
				GCC_NO_COMMON_BLOCKS = YES;
				GCC_WARN_64_TO_32_BIT_CONVERSION = YES;
				GCC_WARN_ABOUT_RETURN_TYPE = YES_ERROR;
				GCC_WARN_UNDECLARED_SELECTOR = YES;
				GCC_WARN_UNINITIALIZED_AUTOS = YES_AGGRESSIVE;
				GCC_WARN_UNUSED_FUNCTION = YES;
				GCC_WARN_UNUSED_VARIABLE = YES;
				IPHONEOS_DEPLOYMENT_TARGET = 16.0;
				MTL_ENABLE_DEBUG_INFO = NO;
				MTL_FAST_MATH = YES;
				SDKROOT = iphoneos;
				SWIFT_COMPILATION_MODE = wholemodule;
				SWIFT_OPTIMIZATION_LEVEL = "-O";
				VALIDATE_PRODUCT = YES;
			};
			name = Release;
		};
		6E0F66552E140C7A00F36CE1 /* Debug */ = {
			isa = XCBuildConfiguration;
			buildSettings = {
				ASSETCATALOG_COMPILER_APPICON_NAME = AppIcon;
				ASSETCATALOG_COMPILER_GLOBAL_ACCENT_COLOR_NAME = AccentColor;
				CODE_SIGN_STYLE = Automatic;
				CURRENT_PROJECT_VERSION = 1;
				DEVELOPMENT_ASSET_PATHS = "\"QuickCalc/Preview Content\"";
				DEVELOPMENT_TEAM = 8M5ZB4R29P;
				ENABLE_PREVIEWS = YES;
				GENERATE_INFOPLIST_FILE = YES;
				INFOPLIST_KEY_UIApplicationSceneManifest_Generation = YES;
				INFOPLIST_KEY_UIApplicationSupportsIndirectInputEvents = YES;
				INFOPLIST_KEY_UILaunchScreen_Generation = YES;
				INFOPLIST_KEY_UISupportedInterfaceOrientations_iPad = "UIInterfaceOrientationPortrait UIInterfaceOrientationPortraitUpsideDown UIInterfaceOrientationLandscapeLeft UIInterfaceOrientationLandscapeRight";
				INFOPLIST_KEY_UISupportedInterfaceOrientations_iPhone = "UIInterfaceOrientationPortrait UIInterfaceOrientationLandscapeLeft UIInterfaceOrientationLandscapeRight";
				LD_RUNPATH_SEARCH_PATHS = (
					"$(inherited)",
					"@executable_path/Frameworks",
				);
				MARKETING_VERSION = 1.0;
				PRODUCT_BUNDLE_IDENTIFIER = SwiftDeveloper.QuickCalc;
				PRODUCT_NAME = "$(TARGET_NAME)";
				SWIFT_EMIT_LOC_STRINGS = YES;
				SWIFT_VERSION = 5.0;
				TARGETED_DEVICE_FAMILY = "1,2";
			};
			name = Debug;
		};
		6E0F66562E140C7A00F36CE1 /* Release */ = {
			isa = XCBuildConfiguration;
			buildSettings = {
				ASSETCATALOG_COMPILER_APPICON_NAME = AppIcon;
				ASSETCATALOG_COMPILER_GLOBAL_ACCENT_COLOR_NAME = AccentColor;
				CODE_SIGN_STYLE = Automatic;
				CURRENT_PROJECT_VERSION = 1;
				DEVELOPMENT_ASSET_PATHS = "\"QuickCalc/Preview Content\"";
				DEVELOPMENT_TEAM = 8M5ZB4R29P;
				ENABLE_PREVIEWS = YES;
				GENERATE_INFOPLIST_FILE = YES;
				INFOPLIST_KEY_UIApplicationSceneManifest_Generation = YES;
				INFOPLIST_KEY_UIApplicationSupportsIndirectInputEvents = YES;
				INFOPLIST_KEY_UILaunchScreen_Generation = YES;
				INFOPLIST_KEY_UISupportedInterfaceOrientations_iPad = "UIInterfaceOrientationPortrait UIInterfaceOrientationPortraitUpsideDown UIInterfaceOrientationLandscapeLeft UIInterfaceOrientationLandscapeRight";
				INFOPLIST_KEY_UISupportedInterfaceOrientations_iPhone = "UIInterfaceOrientationPortrait UIInterfaceOrientationLandscapeLeft UIInterfaceOrientationLandscapeRight";
				LD_RUNPATH_SEARCH_PATHS = (
					"$(inherited)",
					"@executable_path/Frameworks",
				);
				MARKETING_VERSION = 1.0;
				PRODUCT_BUNDLE_IDENTIFIER = SwiftDeveloper.QuickCalc;
				PRODUCT_NAME = "$(TARGET_NAME)";
				SWIFT_EMIT_LOC_STRINGS = YES;
				SWIFT_VERSION = 5.0;
				TARGETED_DEVICE_FAMILY = "1,2";
			};
			name = Release;
		};
		6E0F66582E140C7A00F36CE1 /* Debug */ = {
			isa = XCBuildConfiguration;
			buildSettings = {
				ALWAYS_EMBED_SWIFT_STANDARD_LIBRARIES = YES;
				BUNDLE_LOADER = "$(TEST_HOST)";
				CODE_SIGN_STYLE = Automatic;
				CURRENT_PROJECT_VERSION = 1;
				DEVELOPMENT_TEAM = 8M5ZB4R29P;
				GENERATE_INFOPLIST_FILE = YES;
				IPHONEOS_DEPLOYMENT_TARGET = 16.0;
				MARKETING_VERSION = 1.0;
				PRODUCT_BUNDLE_IDENTIFIER = SwiftDeveloper.QuickCalcTests;
				PRODUCT_NAME = "$(TARGET_NAME)";
				SWIFT_EMIT_LOC_STRINGS = NO;
				SWIFT_VERSION = 5.0;
				TARGETED_DEVICE_FAMILY = "1,2";
				TEST_HOST = "$(BUILT_PRODUCTS_DIR)/QuickCalc.app/$(BUNDLE_EXECUTABLE_FOLDER_PATH)/QuickCalc";
			};
			name = Debug;
		};
		6E0F66592E140C7A00F36CE1 /* Release */ = {
			isa = XCBuildConfiguration;
			buildSettings = {
				ALWAYS_EMBED_SWIFT_STANDARD_LIBRARIES = YES;
				BUNDLE_LOADER = "$(TEST_HOST)";
				CODE_SIGN_STYLE = Automatic;
				CURRENT_PROJECT_VERSION = 1;
				DEVELOPMENT_TEAM = 8M5ZB4R29P;
				GENERATE_INFOPLIST_FILE = YES;
				IPHONEOS_DEPLOYMENT_TARGET = 16.0;
				MARKETING_VERSION = 1.0;
				PRODUCT_BUNDLE_IDENTIFIER = SwiftDeveloper.QuickCalcTests;
				PRODUCT_NAME = "$(TARGET_NAME)";
				SWIFT_EMIT_LOC_STRINGS = NO;
				SWIFT_VERSION = 5.0;
				TARGETED_DEVICE_FAMILY = "1,2";
				TEST_HOST = "$(BUILT_PRODUCTS_DIR)/QuickCalc.app/$(BUNDLE_EXECUTABLE_FOLDER_PATH)/QuickCalc";
			};
			name = Release;
		};
		6E0F665B2E140C7A00F36CE1 /* Debug */ = {
			isa = XCBuildConfiguration;
			buildSettings = {
				ALWAYS_EMBED_SWIFT_STANDARD_LIBRARIES = YES;
				CODE_SIGN_STYLE = Automatic;
				CURRENT_PROJECT_VERSION = 1;
				DEVELOPMENT_TEAM = 8M5ZB4R29P;
				GENERATE_INFOPLIST_FILE = YES;
				MARKETING_VERSION = 1.0;
				PRODUCT_BUNDLE_IDENTIFIER = SwiftDeveloper.QuickCalcUITests;
				PRODUCT_NAME = "$(TARGET_NAME)";
				SWIFT_EMIT_LOC_STRINGS = NO;
				SWIFT_VERSION = 5.0;
				TARGETED_DEVICE_FAMILY = "1,2";
				TEST_TARGET_NAME = QuickCalc;
			};
			name = Debug;
		};
		6E0F665C2E140C7A00F36CE1 /* Release */ = {
			isa = XCBuildConfiguration;
			buildSettings = {
				ALWAYS_EMBED_SWIFT_STANDARD_LIBRARIES = YES;
				CODE_SIGN_STYLE = Automatic;
				CURRENT_PROJECT_VERSION = 1;
				DEVELOPMENT_TEAM = 8M5ZB4R29P;
				GENERATE_INFOPLIST_FILE = YES;
				MARKETING_VERSION = 1.0;
				PRODUCT_BUNDLE_IDENTIFIER = SwiftDeveloper.QuickCalcUITests;
				PRODUCT_NAME = "$(TARGET_NAME)";
				SWIFT_EMIT_LOC_STRINGS = NO;
				SWIFT_VERSION = 5.0;
				TARGETED_DEVICE_FAMILY = "1,2";
				TEST_TARGET_NAME = QuickCalc;
			};
			name = Release;
		};
/* End XCBuildConfiguration section */

/* Begin XCConfigurationList section */
		6E0F66262E140C7600F36CE1 /* Build configuration list for PBXProject "QuickCalc" */ = {
			isa = XCConfigurationList;
			buildConfigurations = (
				6E0F66522E140C7A00F36CE1 /* Debug */,
				6E0F66532E140C7A00F36CE1 /* Release */,
			);
			defaultConfigurationIsVisible = 0;
			defaultConfigurationName = Release;
		};
		6E0F66542E140C7A00F36CE1 /* Build configuration list for PBXNativeTarget "QuickCalc" */ = {
			isa = XCConfigurationList;
			buildConfigurations = (
				6E0F66552E140C7A00F36CE1 /* Debug */,
				6E0F66562E140C7A00F36CE1 /* Release */,
			);
			defaultConfigurationIsVisible = 0;
			defaultConfigurationName = Release;
		};
		6E0F66572E140C7A00F36CE1 /* Build configuration list for PBXNativeTarget "QuickCalcTests" */ = {
			isa = XCConfigurationList;
			buildConfigurations = (
				6E0F66582E140C7A00F36CE1 /* Debug */,
				6E0F66592E140C7A00F36CE1 /* Release */,
			);
			defaultConfigurationIsVisible = 0;
			defaultConfigurationName = Release;
		};
		6E0F665A2E140C7A00F36CE1 /* Build configuration list for PBXNativeTarget "QuickCalcUITests" */ = {
			isa = XCConfigurationList;
			buildConfigurations = (
				6E0F665B2E140C7A00F36CE1 /* Debug */,
				6E0F665C2E140C7A00F36CE1 /* Release */,
			);
			defaultConfigurationIsVisible = 0;
			defaultConfigurationName = Release;
		};
/* End XCConfigurationList section */

/* Begin XCVersionGroup section */
		6E0F66392E140C7A00F36CE1 /* QuickCalc.xcdatamodeld */ = {
			isa = XCVersionGroup;
			children = (
				6E0F663A2E140C7A00F36CE1 /* QuickCalc.xcdatamodel */,
			);
			currentVersion = 6E0F663A2E140C7A00F36CE1 /* QuickCalc.xcdatamodel */;
			path = QuickCalc.xcdatamodeld;
			sourceTree = "<group>";
			versionGroupType = wrapper.xcdatamodel;
		};
/* End XCVersionGroup section */
	};
	rootObject = 6E0F66232E140C7600F36CE1 /* Project object */;
}
